
Microsoft Visual Studio Solution File, Format Version 12.00
Project("{FAE04EC0-301F-11D3-BF4B-00C04F79EFBC}") = "SecureFileManager", "SecureFileManager.csproj", "{FD227027-F213-4E6A-99F5-188A28A00094}"
EndProject
Global
	GlobalSection(SolutionConfigurationPlatforms) = preSolution
		Debug|Any CPU = Debug|Any CPU
		Release|Any CPU = Release|Any CPU
	EndGlobalSection
	GlobalSection(ProjectConfigurationPlatforms) = postSolution
		{FD227027-F213-4E6A-99F5-188A28A00094}.Debug|Any CPU.ActiveCfg = Debug|Any CPU
		{FD227027-F213-4E6A-99F5-188A28A00094}.Debug|Any CPU.Build.0 = Debug|Any CPU
		{FD227027-F213-4E6A-99F5-188A28A00094}.Release|Any CPU.ActiveCfg = Release|Any CPU
		{FD227027-F213-4E6A-99F5-188A28A00094}.Release|Any CPU.Build.0 = Release|Any CPU
	EndGlobalSection
EndGlobal
